// !$*UTF8*$!
{
	archiveVersion = 1;
	classes = {
	};
	objectVersion = 46;
	objects = {

/* Begin PBXBuildFile section */
		5F616B5A17FF954400AEB6A1 /* AddressBookHandler.m in Sources */ = {isa = PBXBuildFile; fileRef = 5F616B4D17FF954400AEB6A1 /* AddressBookHandler.m */; };
		5F616B5B17FF954400AEB6A1 /* AddressBookReduceEntry.m in Sources */ = {isa = PBXBuildFile; fileRef = 5F616B4F17FF954400AEB6A1 /* AddressBookReduceEntry.m */; };
		5F616B5C17FF954400AEB6A1 /* GeolocationManager.m in Sources */ = {isa = PBXBuildFile; fileRef = 5F616B5117FF954400AEB6A1 /* GeolocationManager.m */; };
		5F616B5D17FF954400AEB6A1 /* ImageActions.m in Sources */ = {isa = PBXBuildFile; fileRef = 5F616B5317FF954400AEB6A1 /* ImageActions.m */; };
		5F616B5E17FF954400AEB6A1 /* BigImageViewController.m in Sources */ = {isa = PBXBuildFile; fileRef = 5F616B5517FF954400AEB6A1 /* BigImageViewController.m */; };
		5F616B5F17FF954400AEB6A1 /* Reachability.m in Sources */ = {isa = PBXBuildFile; fileRef = 5F616B5717FF954400AEB6A1 /* Reachability.m */; };
		5F616B6017FF954400AEB6A1 /* ScreenSizeManager.m in Sources */ = {isa = PBXBuildFile; fileRef = 5F616B5917FF954400AEB6A1 /* ScreenSizeManager.m */; };
		5F88F2A617FF8D7100077762 /* Foundation.framework in Frameworks */ = {isa = PBXBuildFile; fileRef = 5F88F2A517FF8D7100077762 /* Foundation.framework */; };
		5F88F2A817FF8D7100077762 /* CoreGraphics.framework in Frameworks */ = {isa = PBXBuildFile; fileRef = 5F88F2A717FF8D7100077762 /* CoreGraphics.framework */; };
		5F88F2AA17FF8D7100077762 /* UIKit.framework in Frameworks */ = {isa = PBXBuildFile; fileRef = 5F88F2A917FF8D7100077762 /* UIKit.framework */; };
		5F88F2AC17FF8D7100077762 /* CoreData.framework in Frameworks */ = {isa = PBXBuildFile; fileRef = 5F88F2AB17FF8D7100077762 /* CoreData.framework */; };
		5F88F2B217FF8D7100077762 /* InfoPlist.strings in Resources */ = {isa = PBXBuildFile; fileRef = 5F88F2B017FF8D7100077762 /* InfoPlist.strings */; };
		5F88F2B417FF8D7100077762 /* main.m in Sources */ = {isa = PBXBuildFile; fileRef = 5F88F2B317FF8D7100077762 /* main.m */; };
		5F88F2B817FF8D7100077762 /* AppDelegate.m in Sources */ = {isa = PBXBuildFile; fileRef = 5F88F2B717FF8D7100077762 /* AppDelegate.m */; };
		5F88F2BB17FF8D7100077762 /* EasyUtilities.xcdatamodeld in Sources */ = {isa = PBXBuildFile; fileRef = 5F88F2B917FF8D7100077762 /* EasyUtilities.xcdatamodeld */; };
		5F88F2BD17FF8D7100077762 /* Images.xcassets in Resources */ = {isa = PBXBuildFile; fileRef = 5F88F2BC17FF8D7100077762 /* Images.xcassets */; };
		5F88F2C417FF8D7100077762 /* XCTest.framework in Frameworks */ = {isa = PBXBuildFile; fileRef = 5F88F2C317FF8D7100077762 /* XCTest.framework */; };
		5F88F2C517FF8D7100077762 /* Foundation.framework in Frameworks */ = {isa = PBXBuildFile; fileRef = 5F88F2A517FF8D7100077762 /* Foundation.framework */; };
		5F88F2C617FF8D7100077762 /* UIKit.framework in Frameworks */ = {isa = PBXBuildFile; fileRef = 5F88F2A917FF8D7100077762 /* UIKit.framework */; };
		5F88F2C717FF8D7100077762 /* CoreData.framework in Frameworks */ = {isa = PBXBuildFile; fileRef = 5F88F2AB17FF8D7100077762 /* CoreData.framework */; };
		5F88F2CF17FF8D7100077762 /* InfoPlist.strings in Resources */ = {isa = PBXBuildFile; fileRef = 5F88F2CD17FF8D7100077762 /* InfoPlist.strings */; };
		5F88F2D117FF8D7100077762 /* EasyUtilitiesTests.m in Sources */ = {isa = PBXBuildFile; fileRef = 5F88F2D017FF8D7100077762 /* EasyUtilitiesTests.m */; };
		5F88F2E017FF8EA400077762 /* MainViewController.m in Sources */ = {isa = PBXBuildFile; fileRef = 5F88F2DF17FF8EA400077762 /* MainViewController.m */; };
		5FBF5CAB1800B2E30029D11A /* AddressBookEntry.m in Sources */ = {isa = PBXBuildFile; fileRef = 5FBF5CAA1800B2E30029D11A /* AddressBookEntry.m */; };
/* End PBXBuildFile section */

/* Begin PBXContainerItemProxy section */
		5F88F2C817FF8D7100077762 /* PBXContainerItemProxy */ = {
			isa = PBXContainerItemProxy;
			containerPortal = 5F88F29A17FF8D7100077762 /* Project object */;
			proxyType = 1;
			remoteGlobalIDString = 5F88F2A117FF8D7100077762;
			remoteInfo = EasyUtilities;
		};
/* End PBXContainerItemProxy section */

/* Begin PBXFileReference section */
		5F616B4C17FF954400AEB6A1 /* AddressBookHandler.h */ = {isa = PBXFileReference; fileEncoding = 4; lastKnownFileType = sourcecode.c.h; path = AddressBookHandler.h; sourceTree = "<group>"; };
		5F616B4D17FF954400AEB6A1 /* AddressBookHandler.m */ = {isa = PBXFileReference; fileEncoding = 4; lastKnownFileType = sourcecode.c.objc; path = AddressBookHandler.m; sourceTree = "<group>"; };
		5F616B4E17FF954400AEB6A1 /* AddressBookReduceEntry.h */ = {isa = PBXFileReference; fileEncoding = 4; lastKnownFileType = sourcecode.c.h; path = AddressBookReduceEntry.h; sourceTree = "<group>"; };
		5F616B4F17FF954400AEB6A1 /* AddressBookReduceEntry.m */ = {isa = PBXFileReference; fileEncoding = 4; lastKnownFileType = sourcecode.c.objc; path = AddressBookReduceEntry.m; sourceTree = "<group>"; };
		5F616B5017FF954400AEB6A1 /* GeolocationManager.h */ = {isa = PBXFileReference; fileEncoding = 4; lastKnownFileType = sourcecode.c.h; path = GeolocationManager.h; sourceTree = "<group>"; };
		5F616B5117FF954400AEB6A1 /* GeolocationManager.m */ = {isa = PBXFileReference; fileEncoding = 4; lastKnownFileType = sourcecode.c.objc; path = GeolocationManager.m; sourceTree = "<group>"; };
		5F616B5217FF954400AEB6A1 /* ImageActions.h */ = {isa = PBXFileReference; fileEncoding = 4; lastKnownFileType = sourcecode.c.h; path = ImageActions.h; sourceTree = "<group>"; };
		5F616B5317FF954400AEB6A1 /* ImageActions.m */ = {isa = PBXFileReference; fileEncoding = 4; lastKnownFileType = sourcecode.c.objc; path = ImageActions.m; sourceTree = "<group>"; };
		5F616B5417FF954400AEB6A1 /* BigImageViewController.h */ = {isa = PBXFileReference; fileEncoding = 4; lastKnownFileType = sourcecode.c.h; path = BigImageViewController.h; sourceTree = "<group>"; };
		5F616B5517FF954400AEB6A1 /* BigImageViewController.m */ = {isa = PBXFileReference; fileEncoding = 4; lastKnownFileType = sourcecode.c.objc; path = BigImageViewController.m; sourceTree = "<group>"; };
		5F616B5617FF954400AEB6A1 /* Reachability.h */ = {isa = PBXFileReference; fileEncoding = 4; lastKnownFileType = sourcecode.c.h; path = Reachability.h; sourceTree = "<group>"; };
		5F616B5717FF954400AEB6A1 /* Reachability.m */ = {isa = PBXFileReference; fileEncoding = 4; lastKnownFileType = sourcecode.c.objc; path = Reachability.m; sourceTree = "<group>"; };
		5F616B5817FF954400AEB6A1 /* ScreenSizeManager.h */ = {isa = PBXFileReference; fileEncoding = 4; lastKnownFileType = sourcecode.c.h; path = ScreenSizeManager.h; sourceTree = "<group>"; };
		5F616B5917FF954400AEB6A1 /* ScreenSizeManager.m */ = {isa = PBXFileReference; fileEncoding = 4; lastKnownFileType = sourcecode.c.objc; path = ScreenSizeManager.m; sourceTree = "<group>"; };
		5F616B6118007CA400AEB6A1 /* UtilitiesHeaders.h */ = {isa = PBXFileReference; fileEncoding = 4; lastKnownFileType = sourcecode.c.h; path = UtilitiesHeaders.h; sourceTree = "<group>"; };
		5F88F2A217FF8D7100077762 /* EasyUtilities.app */ = {isa = PBXFileReference; explicitFileType = wrapper.application; includeInIndex = 0; path = EasyUtilities.app; sourceTree = BUILT_PRODUCTS_DIR; };
		5F88F2A517FF8D7100077762 /* Foundation.framework */ = {isa = PBXFileReference; lastKnownFileType = wrapper.framework; name = Foundation.framework; path = System/Library/Frameworks/Foundation.framework; sourceTree = SDKROOT; };
		5F88F2A717FF8D7100077762 /* CoreGraphics.framework */ = {isa = PBXFileReference; lastKnownFileType = wrapper.framework; name = CoreGraphics.framework; path = System/Library/Frameworks/CoreGraphics.framework; sourceTree = SDKROOT; };
		5F88F2A917FF8D7100077762 /* UIKit.framework */ = {isa = PBXFileReference; lastKnownFileType = wrapper.framework; name = UIKit.framework; path = System/Library/Frameworks/UIKit.framework; sourceTree = SDKROOT; };
		5F88F2AB17FF8D7100077762 /* CoreData.framework */ = {isa = PBXFileReference; lastKnownFileType = wrapper.framework; name = CoreData.framework; path = System/Library/Frameworks/CoreData.framework; sourceTree = SDKROOT; };
		5F88F2AF17FF8D7100077762 /* EasyUtilities-Info.plist */ = {isa = PBXFileReference; lastKnownFileType = text.plist.xml; path = "EasyUtilities-Info.plist"; sourceTree = "<group>"; };
		5F88F2B117FF8D7100077762 /* en */ = {isa = PBXFileReference; lastKnownFileType = text.plist.strings; name = en; path = en.lproj/InfoPlist.strings; sourceTree = "<group>"; };
		5F88F2B317FF8D7100077762 /* main.m */ = {isa = PBXFileReference; lastKnownFileType = sourcecode.c.objc; path = main.m; sourceTree = "<group>"; };
		5F88F2B517FF8D7100077762 /* EasyUtilities-Prefix.pch */ = {isa = PBXFileReference; lastKnownFileType = sourcecode.c.h; path = "EasyUtilities-Prefix.pch"; sourceTree = "<group>"; };
		5F88F2B617FF8D7100077762 /* AppDelegate.h */ = {isa = PBXFileReference; lastKnownFileType = sourcecode.c.h; path = AppDelegate.h; sourceTree = "<group>"; };
		5F88F2B717FF8D7100077762 /* AppDelegate.m */ = {isa = PBXFileReference; lastKnownFileType = sourcecode.c.objc; path = AppDelegate.m; sourceTree = "<group>"; };
		5F88F2BA17FF8D7100077762 /* EasyUtilities.xcdatamodel */ = {isa = PBXFileReference; lastKnownFileType = wrapper.xcdatamodel; path = EasyUtilities.xcdatamodel; sourceTree = "<group>"; };
		5F88F2BC17FF8D7100077762 /* Images.xcassets */ = {isa = PBXFileReference; lastKnownFileType = folder.assetcatalog; path = Images.xcassets; sourceTree = "<group>"; };
		5F88F2C217FF8D7100077762 /* EasyUtilitiesTests.xctest */ = {isa = PBXFileReference; explicitFileType = wrapper.cfbundle; includeInIndex = 0; path = EasyUtilitiesTests.xctest; sourceTree = BUILT_PRODUCTS_DIR; };
		5F88F2C317FF8D7100077762 /* XCTest.framework */ = {isa = PBXFileReference; lastKnownFileType = wrapper.framework; name = XCTest.framework; path = Library/Frameworks/XCTest.framework; sourceTree = DEVELOPER_DIR; };
		5F88F2CC17FF8D7100077762 /* EasyUtilitiesTests-Info.plist */ = {isa = PBXFileReference; lastKnownFileType = text.plist.xml; path = "EasyUtilitiesTests-Info.plist"; sourceTree = "<group>"; };
		5F88F2CE17FF8D7100077762 /* en */ = {isa = PBXFileReference; lastKnownFileType = text.plist.strings; name = en; path = en.lproj/InfoPlist.strings; sourceTree = "<group>"; };
		5F88F2D017FF8D7100077762 /* EasyUtilitiesTests.m */ = {isa = PBXFileReference; lastKnownFileType = sourcecode.c.objc; path = EasyUtilitiesTests.m; sourceTree = "<group>"; };
		5F88F2DE17FF8EA400077762 /* MainViewController.h */ = {isa = PBXFileReference; fileEncoding = 4; lastKnownFileType = sourcecode.c.h; path = MainViewController.h; sourceTree = "<group>"; };
		5F88F2DF17FF8EA400077762 /* MainViewController.m */ = {isa = PBXFileReference; fileEncoding = 4; lastKnownFileType = sourcecode.c.objc; path = MainViewController.m; sourceTree = "<group>"; };
		5FBF5CA91800B2E30029D11A /* AddressBookEntry.h */ = {isa = PBXFileReference; fileEncoding = 4; lastKnownFileType = sourcecode.c.h; path = AddressBookEntry.h; sourceTree = "<group>"; };
		5FBF5CAA1800B2E30029D11A /* AddressBookEntry.m */ = {isa = PBXFileReference; fileEncoding = 4; lastKnownFileType = sourcecode.c.objc; path = AddressBookEntry.m; sourceTree = "<group>"; };
/* End PBXFileReference section */

/* Begin PBXFrameworksBuildPhase section */
		5F88F29F17FF8D7100077762 /* Frameworks */ = {
			isa = PBXFrameworksBuildPhase;
			buildActionMask = 2147483647;
			files = (
				5F88F2A817FF8D7100077762 /* CoreGraphics.framework in Frameworks */,
				5F88F2AC17FF8D7100077762 /* CoreData.framework in Frameworks */,
				5F88F2AA17FF8D7100077762 /* UIKit.framework in Frameworks */,
				5F88F2A617FF8D7100077762 /* Foundation.framework in Frameworks */,
			);
			runOnlyForDeploymentPostprocessing = 0;
		};
		5F88F2BF17FF8D7100077762 /* Frameworks */ = {
			isa = PBXFrameworksBuildPhase;
			buildActionMask = 2147483647;
			files = (
				5F88F2C417FF8D7100077762 /* XCTest.framework in Frameworks */,
				5F88F2C717FF8D7100077762 /* CoreData.framework in Frameworks */,
				5F88F2C617FF8D7100077762 /* UIKit.framework in Frameworks */,
				5F88F2C517FF8D7100077762 /* Foundation.framework in Frameworks */,
			);
			runOnlyForDeploymentPostprocessing = 0;
		};
/* End PBXFrameworksBuildPhase section */

/* Begin PBXGroup section */
		5F616B4B17FF954400AEB6A1 /* EasyUtilitiesClasses */ = {
			isa = PBXGroup;
			children = (
				5FBF5CA91800B2E30029D11A /* AddressBookEntry.h */,
				5FBF5CAA1800B2E30029D11A /* AddressBookEntry.m */,
				5F616B4C17FF954400AEB6A1 /* AddressBookHandler.h */,
				5F616B4D17FF954400AEB6A1 /* AddressBookHandler.m */,
				5F616B4E17FF954400AEB6A1 /* AddressBookReduceEntry.h */,
				5F616B4F17FF954400AEB6A1 /* AddressBookReduceEntry.m */,
				5F616B5417FF954400AEB6A1 /* BigImageViewController.h */,
				5F616B5517FF954400AEB6A1 /* BigImageViewController.m */,
				5F616B5017FF954400AEB6A1 /* GeolocationManager.h */,
				5F616B5117FF954400AEB6A1 /* GeolocationManager.m */,
				5F616B5217FF954400AEB6A1 /* ImageActions.h */,
				5F616B5317FF954400AEB6A1 /* ImageActions.m */,
				5F616B5617FF954400AEB6A1 /* Reachability.h */,
				5F616B5717FF954400AEB6A1 /* Reachability.m */,
				5F616B5817FF954400AEB6A1 /* ScreenSizeManager.h */,
				5F616B5917FF954400AEB6A1 /* ScreenSizeManager.m */,
				5F616B6118007CA400AEB6A1 /* UtilitiesHeaders.h */,
			);
			path = EasyUtilitiesClasses;
			sourceTree = "<group>";
		};
		5F88F29917FF8D7100077762 = {
			isa = PBXGroup;
			children = (
				5F88F2AD17FF8D7100077762 /* EasyUtilities */,
				5F88F2CA17FF8D7100077762 /* EasyUtilitiesTests */,
				5F88F2A417FF8D7100077762 /* Frameworks */,
				5F88F2A317FF8D7100077762 /* Products */,
			);
			sourceTree = "<group>";
		};
		5F88F2A317FF8D7100077762 /* Products */ = {
			isa = PBXGroup;
			children = (
				5F88F2A217FF8D7100077762 /* EasyUtilities.app */,
				5F88F2C217FF8D7100077762 /* EasyUtilitiesTests.xctest */,
			);
			name = Products;
			sourceTree = "<group>";
		};
		5F88F2A417FF8D7100077762 /* Frameworks */ = {
			isa = PBXGroup;
			children = (
				5F88F2A517FF8D7100077762 /* Foundation.framework */,
				5F88F2A717FF8D7100077762 /* CoreGraphics.framework */,
				5F88F2A917FF8D7100077762 /* UIKit.framework */,
				5F88F2AB17FF8D7100077762 /* CoreData.framework */,
				5F88F2C317FF8D7100077762 /* XCTest.framework */,
			);
			name = Frameworks;
			sourceTree = "<group>";
		};
		5F88F2AD17FF8D7100077762 /* EasyUtilities */ = {
			isa = PBXGroup;
			children = (
				5F88F2B617FF8D7100077762 /* AppDelegate.h */,
				5F88F2B717FF8D7100077762 /* AppDelegate.m */,
				5F88F2B917FF8D7100077762 /* EasyUtilities.xcdatamodeld */,
				5F616B4B17FF954400AEB6A1 /* EasyUtilitiesClasses */,
				5F88F2BC17FF8D7100077762 /* Images.xcassets */,
				5F88F2DE17FF8EA400077762 /* MainViewController.h */,
				5F88F2DF17FF8EA400077762 /* MainViewController.m */,
				5F88F2AE17FF8D7100077762 /* Supporting Files */,
			);
			path = EasyUtilities;
			sourceTree = "<group>";
		};
		5F88F2AE17FF8D7100077762 /* Supporting Files */ = {
			isa = PBXGroup;
			children = (
				5F88F2AF17FF8D7100077762 /* EasyUtilities-Info.plist */,
				5F88F2B017FF8D7100077762 /* InfoPlist.strings */,
				5F88F2B317FF8D7100077762 /* main.m */,
				5F88F2B517FF8D7100077762 /* EasyUtilities-Prefix.pch */,
			);
			name = "Supporting Files";
			sourceTree = "<group>";
		};
		5F88F2CA17FF8D7100077762 /* EasyUtilitiesTests */ = {
			isa = PBXGroup;
			children = (
				5F88F2D017FF8D7100077762 /* EasyUtilitiesTests.m */,
				5F88F2CB17FF8D7100077762 /* Supporting Files */,
			);
			path = EasyUtilitiesTests;
			sourceTree = "<group>";
		};
		5F88F2CB17FF8D7100077762 /* Supporting Files */ = {
			isa = PBXGroup;
			children = (
				5F88F2CC17FF8D7100077762 /* EasyUtilitiesTests-Info.plist */,
				5F88F2CD17FF8D7100077762 /* InfoPlist.strings */,
			);
			name = "Supporting Files";
			sourceTree = "<group>";
		};
/* End PBXGroup section */

/* Begin PBXNativeTarget section */
		5F88F2A117FF8D7100077762 /* EasyUtilities */ = {
			isa = PBXNativeTarget;
			buildConfigurationList = 5F88F2D417FF8D7100077762 /* Build configuration list for PBXNativeTarget "EasyUtilities" */;
			buildPhases = (
				5F88F29E17FF8D7100077762 /* Sources */,
				5F88F29F17FF8D7100077762 /* Frameworks */,
				5F88F2A017FF8D7100077762 /* Resources */,
			);
			buildRules = (
			);
			dependencies = (
			);
			name = EasyUtilities;
			productName = EasyUtilities;
			productReference = 5F88F2A217FF8D7100077762 /* EasyUtilities.app */;
			productType = "com.apple.product-type.application";
		};
		5F88F2C117FF8D7100077762 /* EasyUtilitiesTests */ = {
			isa = PBXNativeTarget;
			buildConfigurationList = 5F88F2D717FF8D7100077762 /* Build configuration list for PBXNativeTarget "EasyUtilitiesTests" */;
			buildPhases = (
				5F88F2BE17FF8D7100077762 /* Sources */,
				5F88F2BF17FF8D7100077762 /* Frameworks */,
				5F88F2C017FF8D7100077762 /* Resources */,
			);
			buildRules = (
			);
			dependencies = (
				5F88F2C917FF8D7100077762 /* PBXTargetDependency */,
			);
			name = EasyUtilitiesTests;
			productName = EasyUtilitiesTests;
			productReference = 5F88F2C217FF8D7100077762 /* EasyUtilitiesTests.xctest */;
			productType = "com.apple.product-type.bundle.unit-test";
		};
/* End PBXNativeTarget section */

/* Begin PBXProject section */
		5F88F29A17FF8D7100077762 /* Project object */ = {
			isa = PBXProject;
			attributes = {
				LastUpgradeCheck = 0500;
				ORGANIZATIONNAME = elabi3;
				TargetAttributes = {
					5F88F2C117FF8D7100077762 = {
						TestTargetID = 5F88F2A117FF8D7100077762;
					};
				};
			};
			buildConfigurationList = 5F88F29D17FF8D7100077762 /* Build configuration list for PBXProject "EasyUtilities" */;
			compatibilityVersion = "Xcode 3.2";
			developmentRegion = English;
			hasScannedForEncodings = 0;
			knownRegions = (
				en,
			);
			mainGroup = 5F88F29917FF8D7100077762;
			productRefGroup = 5F88F2A317FF8D7100077762 /* Products */;
			projectDirPath = "";
			projectRoot = "";
			targets = (
				5F88F2A117FF8D7100077762 /* EasyUtilities */,
				5F88F2C117FF8D7100077762 /* EasyUtilitiesTests */,
			);
		};
/* End PBXProject section */

/* Begin PBXResourcesBuildPhase section */
		5F88F2A017FF8D7100077762 /* Resources */ = {
			isa = PBXResourcesBuildPhase;
			buildActionMask = 2147483647;
			files = (
				5F88F2B217FF8D7100077762 /* InfoPlist.strings in Resources */,
				5F88F2BD17FF8D7100077762 /* Images.xcassets in Resources */,
			);
			runOnlyForDeploymentPostprocessing = 0;
		};
		5F88F2C017FF8D7100077762 /* Resources */ = {
			isa = PBXResourcesBuildPhase;
			buildActionMask = 2147483647;
			files = (
				5F88F2CF17FF8D7100077762 /* InfoPlist.strings in Resources */,
			);
			runOnlyForDeploymentPostprocessing = 0;
		};
/* End PBXResourcesBuildPhase section */

/* Begin PBXSourcesBuildPhase section */
		5F88F29E17FF8D7100077762 /* Sources */ = {
			isa = PBXSourcesBuildPhase;
			buildActionMask = 2147483647;
			files = (
				5F88F2B817FF8D7100077762 /* AppDelegate.m in Sources */,
				5F616B5E17FF954400AEB6A1 /* BigImageViewController.m in Sources */,
				5F616B5A17FF954400AEB6A1 /* AddressBookHandler.m in Sources */,
				5F616B5B17FF954400AEB6A1 /* AddressBookReduceEntry.m in Sources */,
				5FBF5CAB1800B2E30029D11A /* AddressBookEntry.m in Sources */,
				5F616B5F17FF954400AEB6A1 /* Reachability.m in Sources */,
				5F88F2B417FF8D7100077762 /* main.m in Sources */,
				5F616B5C17FF954400AEB6A1 /* GeolocationManager.m in Sources */,
				5F616B6017FF954400AEB6A1 /* ScreenSizeManager.m in Sources */,
				5F616B5D17FF954400AEB6A1 /* ImageActions.m in Sources */,
				5F88F2BB17FF8D7100077762 /* EasyUtilities.xcdatamodeld in Sources */,
				5F88F2E017FF8EA400077762 /* MainViewController.m in Sources */,
			);
			runOnlyForDeploymentPostprocessing = 0;
		};
		5F88F2BE17FF8D7100077762 /* Sources */ = {
			isa = PBXSourcesBuildPhase;
			buildActionMask = 2147483647;
			files = (
				5F88F2D117FF8D7100077762 /* EasyUtilitiesTests.m in Sources */,
			);
			runOnlyForDeploymentPostprocessing = 0;
		};
/* End PBXSourcesBuildPhase section */

/* Begin PBXTargetDependency section */
		5F88F2C917FF8D7100077762 /* PBXTargetDependency */ = {
			isa = PBXTargetDependency;
			target = 5F88F2A117FF8D7100077762 /* EasyUtilities */;
			targetProxy = 5F88F2C817FF8D7100077762 /* PBXContainerItemProxy */;
		};
/* End PBXTargetDependency section */

/* Begin PBXVariantGroup section */
		5F88F2B017FF8D7100077762 /* InfoPlist.strings */ = {
			isa = PBXVariantGroup;
			children = (
				5F88F2B117FF8D7100077762 /* en */,
			);
			name = InfoPlist.strings;
			sourceTree = "<group>";
		};
		5F88F2CD17FF8D7100077762 /* InfoPlist.strings */ = {
			isa = PBXVariantGroup;
			children = (
				5F88F2CE17FF8D7100077762 /* en */,
			);
			name = InfoPlist.strings;
			sourceTree = "<group>";
		};
/* End PBXVariantGroup section */

/* Begin XCBuildConfiguration section */
		5F88F2D217FF8D7100077762 /* Debug */ = {
			isa = XCBuildConfiguration;
			buildSettings = {
				ALWAYS_SEARCH_USER_PATHS = NO;
				ARCHS = "$(ARCHS_STANDARD_INCLUDING_64_BIT)";
				CLANG_CXX_LANGUAGE_STANDARD = "gnu++0x";
				CLANG_CXX_LIBRARY = "libc++";
				CLANG_ENABLE_MODULES = YES;
				CLANG_ENABLE_OBJC_ARC = YES;
				CLANG_WARN_BOOL_CONVERSION = YES;
				CLANG_WARN_CONSTANT_CONVERSION = YES;
				CLANG_WARN_DIRECT_OBJC_ISA_USAGE = YES_ERROR;
				CLANG_WARN_EMPTY_BODY = YES;
				CLANG_WARN_ENUM_CONVERSION = YES;
				CLANG_WARN_INT_CONVERSION = YES;
				CLANG_WARN_OBJC_ROOT_CLASS = YES_ERROR;
				CLANG_WARN__DUPLICATE_METHOD_MATCH = YES;
				"CODE_SIGN_IDENTITY[sdk=iphoneos*]" = "iPhone Developer";
				COPY_PHASE_STRIP = NO;
				GCC_C_LANGUAGE_STANDARD = gnu99;
				GCC_DYNAMIC_NO_PIC = NO;
				GCC_OPTIMIZATION_LEVEL = 0;
				GCC_PREPROCESSOR_DEFINITIONS = (
					"DEBUG=1",
					"$(inherited)",
				);
				GCC_SYMBOLS_PRIVATE_EXTERN = NO;
				GCC_WARN_64_TO_32_BIT_CONVERSION = YES;
				GCC_WARN_ABOUT_RETURN_TYPE = YES_ERROR;
				GCC_WARN_UNDECLARED_SELECTOR = YES;
				GCC_WARN_UNINITIALIZED_AUTOS = YES;
				GCC_WARN_UNUSED_FUNCTION = YES;
				GCC_WARN_UNUSED_VARIABLE = YES;
				IPHONEOS_DEPLOYMENT_TARGET = 7.0;
				ONLY_ACTIVE_ARCH = YES;
				SDKROOT = iphoneos;
			};
			name = Debug;
		};
		5F88F2D317FF8D7100077762 /* Release */ = {
			isa = XCBuildConfiguration;
			buildSettings = {
				ALWAYS_SEARCH_USER_PATHS = NO;
				ARCHS = "$(ARCHS_STANDARD_INCLUDING_64_BIT)";
				CLANG_CXX_LANGUAGE_STANDARD = "gnu++0x";
				CLANG_CXX_LIBRARY = "libc++";
				CLANG_ENABLE_MODULES = YES;
				CLANG_ENABLE_OBJC_ARC = YES;
				CLANG_WARN_BOOL_CONVERSION = YES;
				CLANG_WARN_CONSTANT_CONVERSION = YES;
				CLANG_WARN_DIRECT_OBJC_ISA_USAGE = YES_ERROR;
				CLANG_WARN_EMPTY_BODY = YES;
				CLANG_WARN_ENUM_CONVERSION = YES;
				CLANG_WARN_INT_CONVERSION = YES;
				CLANG_WARN_OBJC_ROOT_CLASS = YES_ERROR;
				CLANG_WARN__DUPLICATE_METHOD_MATCH = YES;
				"CODE_SIGN_IDENTITY[sdk=iphoneos*]" = "iPhone Developer";
				COPY_PHASE_STRIP = YES;
				ENABLE_NS_ASSERTIONS = NO;
				GCC_C_LANGUAGE_STANDARD = gnu99;
				GCC_WARN_64_TO_32_BIT_CONVERSION = YES;
				GCC_WARN_ABOUT_RETURN_TYPE = YES_ERROR;
				GCC_WARN_UNDECLARED_SELECTOR = YES;
				GCC_WARN_UNINITIALIZED_AUTOS = YES;
				GCC_WARN_UNUSED_FUNCTION = YES;
				GCC_WARN_UNUSED_VARIABLE = YES;
				IPHONEOS_DEPLOYMENT_TARGET = 7.0;
				SDKROOT = iphoneos;
				VALIDATE_PRODUCT = YES;
			};
			name = Release;
		};
		5F88F2D517FF8D7100077762 /* Debug */ = {
			isa = XCBuildConfiguration;
			buildSettings = {
				ASSETCATALOG_COMPILER_APPICON_NAME = AppIcon;
				ASSETCATALOG_COMPILER_LAUNCHIMAGE_NAME = LaunchImage;
				GCC_PRECOMPILE_PREFIX_HEADER = YES;
				GCC_PREFIX_HEADER = "EasyUtilities/EasyUtilities-Prefix.pch";
				INFOPLIST_FILE = "EasyUtilities/EasyUtilities-Info.plist";
				PRODUCT_NAME = "$(TARGET_NAME)";
				WRAPPER_EXTENSION = app;
			};
			name = Debug;
		};
		5F88F2D617FF8D7100077762 /* Release */ = {
			isa = XCBuildConfiguration;
			buildSettings = {
				ASSETCATALOG_COMPILER_APPICON_NAME = AppIcon;
				ASSETCATALOG_COMPILER_LAUNCHIMAGE_NAME = LaunchImage;
				GCC_PRECOMPILE_PREFIX_HEADER = YES;
				GCC_PREFIX_HEADER = "EasyUtilities/EasyUtilities-Prefix.pch";
				INFOPLIST_FILE = "EasyUtilities/EasyUtilities-Info.plist";
				PRODUCT_NAME = "$(TARGET_NAME)";
				WRAPPER_EXTENSION = app;
			};
			name = Release;
		};
		5F88F2D817FF8D7100077762 /* Debug */ = {
			isa = XCBuildConfiguration;
			buildSettings = {
				ARCHS = "$(ARCHS_STANDARD_INCLUDING_64_BIT)";
				BUNDLE_LOADER = "$(BUILT_PRODUCTS_DIR)/EasyUtilities.app/EasyUtilities";
				FRAMEWORK_SEARCH_PATHS = (
					"$(SDKROOT)/Developer/Library/Frameworks",
					"$(inherited)",
					"$(DEVELOPER_FRAMEWORKS_DIR)",
				);
				GCC_PRECOMPILE_PREFIX_HEADER = YES;
				GCC_PREFIX_HEADER = "EasyUtilities/EasyUtilities-Prefix.pch";
				GCC_PREPROCESSOR_DEFINITIONS = (
					"DEBUG=1",
					"$(inherited)",
				);
				INFOPLIST_FILE = "EasyUtilitiesTests/EasyUtilitiesTests-Info.plist";
				PRODUCT_NAME = "$(TARGET_NAME)";
				TEST_HOST = "$(BUNDLE_LOADER)";
				WRAPPER_EXTENSION = xctest;
			};
			name = Debug;
		};
		5F88F2D917FF8D7100077762 /* Release */ = {
			isa = XCBuildConfiguration;
			buildSettings = {
				ARCHS = "$(ARCHS_STANDARD_INCLUDING_64_BIT)";
				BUNDLE_LOADER = "$(BUILT_PRODUCTS_DIR)/EasyUtilities.app/EasyUtilities";
				FRAMEWORK_SEARCH_PATHS = (
					"$(SDKROOT)/Developer/Library/Frameworks",
					"$(inherited)",
					"$(DEVELOPER_FRAMEWORKS_DIR)",
				);
				GCC_PRECOMPILE_PREFIX_HEADER = YES;
				GCC_PREFIX_HEADER = "EasyUtilities/EasyUtilities-Prefix.pch";
				INFOPLIST_FILE = "EasyUtilitiesTests/EasyUtilitiesTests-Info.plist";
				PRODUCT_NAME = "$(TARGET_NAME)";
				TEST_HOST = "$(BUNDLE_LOADER)";
				WRAPPER_EXTENSION = xctest;
			};
			name = Release;
		};
/* End XCBuildConfiguration section */

/* Begin XCConfigurationList section */
		5F88F29D17FF8D7100077762 /* Build configuration list for PBXProject "EasyUtilities" */ = {
			isa = XCConfigurationList;
			buildConfigurations = (
				5F88F2D217FF8D7100077762 /* Debug */,
				5F88F2D317FF8D7100077762 /* Release */,
			);
			defaultConfigurationIsVisible = 0;
			defaultConfigurationName = Release;
		};
		5F88F2D417FF8D7100077762 /* Build configuration list for PBXNativeTarget "EasyUtilities" */ = {
			isa = XCConfigurationList;
			buildConfigurations = (
				5F88F2D517FF8D7100077762 /* Debug */,
				5F88F2D617FF8D7100077762 /* Release */,
			);
			defaultConfigurationIsVisible = 0;
			defaultConfigurationName = Release;
		};
		5F88F2D717FF8D7100077762 /* Build configuration list for PBXNativeTarget "EasyUtilitiesTests" */ = {
			isa = XCConfigurationList;
			buildConfigurations = (
				5F88F2D817FF8D7100077762 /* Debug */,
				5F88F2D917FF8D7100077762 /* Release */,
			);
			defaultConfigurationIsVisible = 0;
			defaultConfigurationName = Release;
		};
/* End XCConfigurationList section */

/* Begin XCVersionGroup section */
		5F88F2B917FF8D7100077762 /* EasyUtilities.xcdatamodeld */ = {
			isa = XCVersionGroup;
			children = (
				5F88F2BA17FF8D7100077762 /* EasyUtilities.xcdatamodel */,
			);
			currentVersion = 5F88F2BA17FF8D7100077762 /* EasyUtilities.xcdatamodel */;
			path = EasyUtilities.xcdatamodeld;
			sourceTree = "<group>";
			versionGroupType = wrapper.xcdatamodel;
		};
/* End XCVersionGroup section */
	};
	rootObject = 5F88F29A17FF8D7100077762 /* Project object */;
}
